
Microsoft Visual Studio Solution File, Format Version 12.00
# Visual Studio Version 17
VisualStudioVersion = 17.12.35707.178 d17.12
MinimumVisualStudioVersion = 10.0.40219.1
Project("{FAE04EC0-301F-11D3-BF4B-00C04F79EFBC}") = "SearchFittingsInParkingSpaces", "SearchFittingsInParkingSpaces.csproj", "{0A3180AB-C09C-4695-9B61-4BA2230FAE99}"
EndProject
Global
	GlobalSection(SolutionConfigurationPlatforms) = preSolution
		Debug R22|Any CPU = Debug R22|Any CPU
		Release R22|Any CPU = Release R22|Any CPU
	EndGlobalSection
	GlobalSection(ProjectConfigurationPlatforms) = postSolution
		{0A3180AB-C09C-4695-9B61-4BA2230FAE99}.Debug R22|Any CPU.ActiveCfg = Debug R22|Any CPU
		{0A3180AB-C09C-4695-9B61-4BA2230FAE99}.Debug R22|Any CPU.Build.0 = Debug R22|Any CPU
		{0A3180AB-C09C-4695-9B61-4BA2230FAE99}.Release R22|Any CPU.ActiveCfg = Release R22|Any CPU
		{0A3180AB-C09C-4695-9B61-4BA2230FAE99}.Release R22|Any CPU.Build.0 = Release R22|Any CPU
	EndGlobalSection
EndGlobal
